// !$*UTF8*$!
{
	archiveVersion = 1;
	classes = {
	};
	objectVersion = 50;
	objects = {

/* Begin PBXBuildFile section */
		A69021A5267616EB00466888 /* AppDelegate.swift in Sources */ = {isa = PBXBuildFile; fileRef = A69021A4267616EB00466888 /* AppDelegate.swift */; };
		A69021A7267616EB00466888 /* SceneDelegate.swift in Sources */ = {isa = PBXBuildFile; fileRef = A69021A6267616EB00466888 /* SceneDelegate.swift */; };
		A69021A9267616EB00466888 /* ViewController.swift in Sources */ = {isa = PBXBuildFile; fileRef = A69021A8267616EB00466888 /* ViewController.swift */; };
		A69021AC267616EB00466888 /* Main.storyboard in Resources */ = {isa = PBXBuildFile; fileRef = A69021AA267616EB00466888 /* Main.storyboard */; };
		A69021AE267616ED00466888 /* Assets.xcassets in Resources */ = {isa = PBXBuildFile; fileRef = A69021AD267616ED00466888 /* Assets.xcassets */; };
		A69021B1267616ED00466888 /* LaunchScreen.storyboard in Resources */ = {isa = PBXBuildFile; fileRef = A69021AF267616ED00466888 /* LaunchScreen.storyboard */; };
		A69021BA26761D4E00466888 /* TableVwCell.swift in Sources */ = {isa = PBXBuildFile; fileRef = A69021B926761D4E00466888 /* TableVwCell.swift */; };
		A69021BC26761EF300466888 /* File.swift in Sources */ = {isa = PBXBuildFile; fileRef = A69021BB26761EF300466888 /* File.swift */; };
		A69021BE2676351200466888 /* PopUpViewController.swift in Sources */ = {isa = PBXBuildFile; fileRef = A69021BD2676351200466888 /* PopUpViewController.swift */; };
/* End PBXBuildFile section */

/* Begin PBXFileReference section */
		A69021A1267616EB00466888 /* TaskStaticDesign.app */ = {isa = PBXFileReference; explicitFileType = wrapper.application; includeInIndex = 0; path = TaskStaticDesign.app; sourceTree = BUILT_PRODUCTS_DIR; };
		A69021A4267616EB00466888 /* AppDelegate.swift */ = {isa = PBXFileReference; lastKnownFileType = sourcecode.swift; path = AppDelegate.swift; sourceTree = "<group>"; };
		A69021A6267616EB00466888 /* SceneDelegate.swift */ = {isa = PBXFileReference; lastKnownFileType = sourcecode.swift; path = SceneDelegate.swift; sourceTree = "<group>"; };
		A69021A8267616EB00466888 /* ViewController.swift */ = {isa = PBXFileReference; lastKnownFileType = sourcecode.swift; path = ViewController.swift; sourceTree = "<group>"; };
		A69021AB267616EB00466888 /* Base */ = {isa = PBXFileReference; lastKnownFileType = file.storyboard; name = Base; path = Base.lproj/Main.storyboard; sourceTree = "<group>"; };
		A69021AD267616ED00466888 /* Assets.xcassets */ = {isa = PBXFileReference; lastKnownFileType = folder.assetcatalog; path = Assets.xcassets; sourceTree = "<group>"; };
		A69021B0267616ED00466888 /* Base */ = {isa = PBXFileReference; lastKnownFileType = file.storyboard; name = Base; path = Base.lproj/LaunchScreen.storyboard; sourceTree = "<group>"; };
		A69021B2267616ED00466888 /* Info.plist */ = {isa = PBXFileReference; lastKnownFileType = text.plist.xml; path = Info.plist; sourceTree = "<group>"; };
		A69021B926761D4E00466888 /* TableVwCell.swift */ = {isa = PBXFileReference; lastKnownFileType = sourcecode.swift; path = TableVwCell.swift; sourceTree = "<group>"; };
		A69021BB26761EF300466888 /* File.swift */ = {isa = PBXFileReference; lastKnownFileType = sourcecode.swift; path = File.swift; sourceTree = "<group>"; };
		A69021BD2676351200466888 /* PopUpViewController.swift */ = {isa = PBXFileReference; lastKnownFileType = sourcecode.swift; path = PopUpViewController.swift; sourceTree = "<group>"; };
/* End PBXFileReference section */

/* Begin PBXFrameworksBuildPhase section */
		A690219E267616EB00466888 /* Frameworks */ = {
			isa = PBXFrameworksBuildPhase;
			buildActionMask = 2147483647;
			files = (
			);
			runOnlyForDeploymentPostprocessing = 0;
		};
/* End PBXFrameworksBuildPhase section */

/* Begin PBXGroup section */
		A6902198267616EB00466888 = {
			isa = PBXGroup;
			children = (
				A69021A3267616EB00466888 /* TaskStaticDesign */,
				A69021A2267616EB00466888 /* Products */,
			);
			sourceTree = "<group>";
		};
		A69021A2267616EB00466888 /* Products */ = {
			isa = PBXGroup;
			children = (
				A69021A1267616EB00466888 /* TaskStaticDesign.app */,
			);
			name = Products;
			sourceTree = "<group>";
		};
		A69021A3267616EB00466888 /* TaskStaticDesign */ = {
			isa = PBXGroup;
			children = (
				A69021A4267616EB00466888 /* AppDelegate.swift */,
				A69021A6267616EB00466888 /* SceneDelegate.swift */,
				A69021A8267616EB00466888 /* ViewController.swift */,
				A69021BD2676351200466888 /* PopUpViewController.swift */,
				A69021B826761D2200466888 /* models */,
				A69021AD267616ED00466888 /* Assets.xcassets */,
				A69021AA267616EB00466888 /* Main.storyboard */,
				A69021AF267616ED00466888 /* LaunchScreen.storyboard */,
				A69021B2267616ED00466888 /* Info.plist */,
			);
			path = TaskStaticDesign;
			sourceTree = "<group>";
		};
		A69021B826761D2200466888 /* models */ = {
			isa = PBXGroup;
			children = (
				A69021B926761D4E00466888 /* TableVwCell.swift */,
				A69021BB26761EF300466888 /* File.swift */,
			);
			path = models;
			sourceTree = "<group>";
		};
/* End PBXGroup section */

/* Begin PBXNativeTarget section */
		A69021A0267616EB00466888 /* TaskStaticDesign */ = {
			isa = PBXNativeTarget;
			buildConfigurationList = A69021B5267616ED00466888 /* Build configuration list for PBXNativeTarget "TaskStaticDesign" */;
			buildPhases = (
				A690219D267616EB00466888 /* Sources */,
				A690219E267616EB00466888 /* Frameworks */,
				A690219F267616EB00466888 /* Resources */,
			);
			buildRules = (
			);
			dependencies = (
			);
			name = TaskStaticDesign;
			productName = TaskStaticDesign;
			productReference = A69021A1267616EB00466888 /* TaskStaticDesign.app */;
			productType = "com.apple.product-type.application";
		};
/* End PBXNativeTarget section */

/* Begin PBXProject section */
		A6902199267616EB00466888 /* Project object */ = {
			isa = PBXProject;
			attributes = {
				LastSwiftUpdateCheck = 1250;
				LastUpgradeCheck = 1250;
				TargetAttributes = {
					A69021A0267616EB00466888 = {
						CreatedOnToolsVersion = 12.5;
					};
				};
			};
			buildConfigurationList = A690219C267616EB00466888 /* Build configuration list for PBXProject "TaskStaticDesign" */;
			compatibilityVersion = "Xcode 9.3";
			developmentRegion = en;
			hasScannedForEncodings = 0;
			knownRegions = (
				en,
				Base,
			);
			mainGroup = A6902198267616EB00466888;
			productRefGroup = A69021A2267616EB00466888 /* Products */;
			projectDirPath = "";
			projectRoot = "";
			targets = (
				A69021A0267616EB00466888 /* TaskStaticDesign */,
			);
		};
/* End PBXProject section */

/* Begin PBXResourcesBuildPhase section */
		A690219F267616EB00466888 /* Resources */ = {
			isa = PBXResourcesBuildPhase;
			buildActionMask = 2147483647;
			files = (
				A69021B1267616ED00466888 /* LaunchScreen.storyboard in Resources */,
				A69021AE267616ED00466888 /* Assets.xcassets in Resources */,
				A69021AC267616EB00466888 /* Main.storyboard in Resources */,
			);
			runOnlyForDeploymentPostprocessing = 0;
		};
/* End PBXResourcesBuildPhase section */

/* Begin PBXSourcesBuildPhase section */
		A690219D267616EB00466888 /* Sources */ = {
			isa = PBXSourcesBuildPhase;
			buildActionMask = 2147483647;
			files = (
				A69021BC26761EF300466888 /* File.swift in Sources */,
				A69021BE2676351200466888 /* PopUpViewController.swift in Sources */,
				A69021A9267616EB00466888 /* ViewController.swift in Sources */,
				A69021BA26761D4E00466888 /* TableVwCell.swift in Sources */,
				A69021A5267616EB00466888 /* AppDelegate.swift in Sources */,
				A69021A7267616EB00466888 /* SceneDelegate.swift in Sources */,
			);
			runOnlyForDeploymentPostprocessing = 0;
		};
/* End PBXSourcesBuildPhase section */

/* Begin PBXVariantGroup section */
		A69021AA267616EB00466888 /* Main.storyboard */ = {
			isa = PBXVariantGroup;
			children = (
				A69021AB267616EB00466888 /* Base */,
			);
			name = Main.storyboard;
			sourceTree = "<group>";
		};
		A69021AF267616ED00466888 /* LaunchScreen.storyboard */ = {
			isa = PBXVariantGroup;
			children = (
				A69021B0267616ED00466888 /* Base */,
			);
			name = LaunchScreen.storyboard;
			sourceTree = "<group>";
		};
/* End PBXVariantGroup section */

/* Begin XCBuildConfiguration section */
		A69021B3267616ED00466888 /* Debug */ = {
			isa = XCBuildConfiguration;
			buildSettings = {
				ALWAYS_SEARCH_USER_PATHS = NO;
				CLANG_ANALYZER_NONNULL = YES;
				CLANG_ANALYZER_NUMBER_OBJECT_CONVERSION = YES_AGGRESSIVE;
				CLANG_CXX_LANGUAGE_STANDARD = "gnu++14";
				CLANG_CXX_LIBRARY = "libc++";
				CLANG_ENABLE_MODULES = YES;
				CLANG_ENABLE_OBJC_ARC = YES;
				CLANG_ENABLE_OBJC_WEAK = YES;
				CLANG_WARN_BLOCK_CAPTURE_AUTORELEASING = YES;
				CLANG_WARN_BOOL_CONVERSION = YES;
				CLANG_WARN_COMMA = YES;
				CLANG_WARN_CONSTANT_CONVERSION = YES;
				CLANG_WARN_DEPRECATED_OBJC_IMPLEMENTATIONS = YES;
				CLANG_WARN_DIRECT_OBJC_ISA_USAGE = YES_ERROR;
				CLANG_WARN_DOCUMENTATION_COMMENTS = YES;
				CLANG_WARN_EMPTY_BODY = YES;
				CLANG_WARN_ENUM_CONVERSION = YES;
				CLANG_WARN_INFINITE_RECURSION = YES;
				CLANG_WARN_INT_CONVERSION = YES;
				CLANG_WARN_NON_LITERAL_NULL_CONVERSION = YES;
				CLANG_WARN_OBJC_IMPLICIT_RETAIN_SELF = YES;
				CLANG_WARN_OBJC_LITERAL_CONVERSION = YES;
				CLANG_WARN_OBJC_ROOT_CLASS = YES_ERROR;
				CLANG_WARN_QUOTED_INCLUDE_IN_FRAMEWORK_HEADER = YES;
				CLANG_WARN_RANGE_LOOP_ANALYSIS = YES;
				CLANG_WARN_STRICT_PROTOTYPES = YES;
				CLANG_WARN_SUSPICIOUS_MOVE = YES;
				CLANG_WARN_UNGUARDED_AVAILABILITY = YES_AGGRESSIVE;
				CLANG_WARN_UNREACHABLE_CODE = YES;
				CLANG_WARN__DUPLICATE_METHOD_MATCH = YES;
				COPY_PHASE_STRIP = NO;
				DEBUG_INFORMATION_FORMAT = dwarf;
				ENABLE_STRICT_OBJC_MSGSEND = YES;
				ENABLE_TESTABILITY = YES;
				GCC_C_LANGUAGE_STANDARD = gnu11;
				GCC_DYNAMIC_NO_PIC = NO;
				GCC_NO_COMMON_BLOCKS = YES;
				GCC_OPTIMIZATION_LEVEL = 0;
				GCC_PREPROCESSOR_DEFINITIONS = (
					"DEBUG=1",
					"$(inherited)",
				);
				GCC_WARN_64_TO_32_BIT_CONVERSION = YES;
				GCC_WARN_ABOUT_RETURN_TYPE = YES_ERROR;
				GCC_WARN_UNDECLARED_SELECTOR = YES;
				GCC_WARN_UNINITIALIZED_AUTOS = YES_AGGRESSIVE;
				GCC_WARN_UNUSED_FUNCTION = YES;
				GCC_WARN_UNUSED_VARIABLE = YES;
				IPHONEOS_DEPLOYMENT_TARGET = 14.5;
				MTL_ENABLE_DEBUG_INFO = INCLUDE_SOURCE;
				MTL_FAST_MATH = YES;
				ONLY_ACTIVE_ARCH = YES;
				SDKROOT = iphoneos;
				SWIFT_ACTIVE_COMPILATION_CONDITIONS = DEBUG;
				SWIFT_OPTIMIZATION_LEVEL = "-Onone";
			};
			name = Debug;
		};
		A69021B4267616ED00466888 /* Release */ = {
			isa = XCBuildConfiguration;
			buildSettings = {
				ALWAYS_SEARCH_USER_PATHS = NO;
				CLANG_ANALYZER_NONNULL = YES;
				CLANG_ANALYZER_NUMBER_OBJECT_CONVERSION = YES_AGGRESSIVE;
				CLANG_CXX_LANGUAGE_STANDARD = "gnu++14";
				CLANG_CXX_LIBRARY = "libc++";
				CLANG_ENABLE_MODULES = YES;
				CLANG_ENABLE_OBJC_ARC = YES;
				CLANG_ENABLE_OBJC_WEAK = YES;
				CLANG_WARN_BLOCK_CAPTURE_AUTORELEASING = YES;
				CLANG_WARN_BOOL_CONVERSION = YES;
				CLANG_WARN_COMMA = YES;
				CLANG_WARN_CONSTANT_CONVERSION = YES;
				CLANG_WARN_DEPRECATED_OBJC_IMPLEMENTATIONS = YES;
				CLANG_WARN_DIRECT_OBJC_ISA_USAGE = YES_ERROR;
				CLANG_WARN_DOCUMENTATION_COMMENTS = YES;
				CLANG_WARN_EMPTY_BODY = YES;
				CLANG_WARN_ENUM_CONVERSION = YES;
				CLANG_WARN_INFINITE_RECURSION = YES;
				CLANG_WARN_INT_CONVERSION = YES;
				CLANG_WARN_NON_LITERAL_NULL_CONVERSION = YES;
				CLANG_WARN_OBJC_IMPLICIT_RETAIN_SELF = YES;
				CLANG_WARN_OBJC_LITERAL_CONVERSION = YES;
				CLANG_WARN_OBJC_ROOT_CLASS = YES_ERROR;
				CLANG_WARN_QUOTED_INCLUDE_IN_FRAMEWORK_HEADER = YES;
				CLANG_WARN_RANGE_LOOP_ANALYSIS = YES;
				CLANG_WARN_STRICT_PROTOTYPES = YES;
				CLANG_WARN_SUSPICIOUS_MOVE = YES;
				CLANG_WARN_UNGUARDED_AVAILABILITY = YES_AGGRESSIVE;
				CLANG_WARN_UNREACHABLE_CODE = YES;
				CLANG_WARN__DUPLICATE_METHOD_MATCH = YES;
				COPY_PHASE_STRIP = NO;
				DEBUG_INFORMATION_FORMAT = "dwarf-with-dsym";
				ENABLE_NS_ASSERTIONS = NO;
				ENABLE_STRICT_OBJC_MSGSEND = YES;
				GCC_C_LANGUAGE_STANDARD = gnu11;
				GCC_NO_COMMON_BLOCKS = YES;
				GCC_WARN_64_TO_32_BIT_CONVERSION = YES;
				GCC_WARN_ABOUT_RETURN_TYPE = YES_ERROR;
				GCC_WARN_UNDECLARED_SELECTOR = YES;
				GCC_WARN_UNINITIALIZED_AUTOS = YES_AGGRESSIVE;
				GCC_WARN_UNUSED_FUNCTION = YES;
				GCC_WARN_UNUSED_VARIABLE = YES;
				IPHONEOS_DEPLOYMENT_TARGET = 14.5;
				MTL_ENABLE_DEBUG_INFO = NO;
				MTL_FAST_MATH = YES;
				SDKROOT = iphoneos;
				SWIFT_COMPILATION_MODE = wholemodule;
				SWIFT_OPTIMIZATION_LEVEL = "-O";
				VALIDATE_PRODUCT = YES;
			};
			name = Release;
		};
		A69021B6267616ED00466888 /* Debug */ = {
			isa = XCBuildConfiguration;
			buildSettings = {
				ASSETCATALOG_COMPILER_APPICON_NAME = AppIcon;
				ASSETCATALOG_COMPILER_GLOBAL_ACCENT_COLOR_NAME = AccentColor;
				CODE_SIGN_STYLE = Automatic;
				INFOPLIST_FILE = TaskStaticDesign/Info.plist;
				LD_RUNPATH_SEARCH_PATHS = (
					"$(inherited)",
					"@executable_path/Frameworks",
				);
				PRODUCT_BUNDLE_IDENTIFIER = com.dip.TaskStaticDesign;
				PRODUCT_NAME = "$(TARGET_NAME)";
				SWIFT_VERSION = 5.0;
				TARGETED_DEVICE_FAMILY = "1,2";
			};
			name = Debug;
		};
		A69021B7267616ED00466888 /* Release */ = {
			isa = XCBuildConfiguration;
			buildSettings = {
				ASSETCATALOG_COMPILER_APPICON_NAME = AppIcon;
				ASSETCATALOG_COMPILER_GLOBAL_ACCENT_COLOR_NAME = AccentColor;
				CODE_SIGN_STYLE = Automatic;
				INFOPLIST_FILE = TaskStaticDesign/Info.plist;
				LD_RUNPATH_SEARCH_PATHS = (
					"$(inherited)",
					"@executable_path/Frameworks",
				);
				PRODUCT_BUNDLE_IDENTIFIER = com.dip.TaskStaticDesign;
				PRODUCT_NAME = "$(TARGET_NAME)";
				SWIFT_VERSION = 5.0;
				TARGETED_DEVICE_FAMILY = "1,2";
			};
			name = Release;
		};
/* End XCBuildConfiguration section */

/* Begin XCConfigurationList section */
		A690219C267616EB00466888 /* Build configuration list for PBXProject "TaskStaticDesign" */ = {
			isa = XCConfigurationList;
			buildConfigurations = (
				A69021B3267616ED00466888 /* Debug */,
				A69021B4267616ED00466888 /* Release */,
			);
			defaultConfigurationIsVisible = 0;
			defaultConfigurationName = Release;
		};
		A69021B5267616ED00466888 /* Build configuration list for PBXNativeTarget "TaskStaticDesign" */ = {
			isa = XCConfigurationList;
			buildConfigurations = (
				A69021B6267616ED00466888 /* Debug */,
				A69021B7267616ED00466888 /* Release */,
			);
			defaultConfigurationIsVisible = 0;
			defaultConfigurationName = Release;
		};
/* End XCConfigurationList section */
	};
	rootObject = A6902199267616EB00466888 /* Project object */;
}
